
Microsoft Visual Studio Solution File, Format Version 12.00
# Visual Studio 15
Project("{FAE04EC0-301F-11D3-BF4B-00C04F79EFBC}") = "Assembly-CSharp", "Assembly-CSharp.csproj", "{9335A245-A82D-329A-5568-87EC6AC9D616}"
EndProject
Project("{FAE04EC0-301F-11D3-BF4B-00C04F79EFBC}") = "Assembly-CSharp-Editor", "Assembly-CSharp-Editor.csproj", "{23472E91-F73E-BA02-8686-E06B0C9A0512}"
EndProject
Global
	GlobalSection(SolutionConfigurationPlatforms) = preSolution
		Debug|Any CPU = Debug|Any CPU
		Release|Any CPU = Release|Any CPU
	EndGlobalSection
	GlobalSection(ProjectConfigurationPlatforms) = postSolution
		{9335A245-A82D-329A-5568-87EC6AC9D616}.Debug|Any CPU.ActiveCfg = Debug|Any CPU
		{9335A245-A82D-329A-5568-87EC6AC9D616}.Debug|Any CPU.Build.0 = Debug|Any CPU
		{9335A245-A82D-329A-5568-87EC6AC9D616}.Release|Any CPU.ActiveCfg = Release|Any CPU
		{9335A245-A82D-329A-5568-87EC6AC9D616}.Release|Any CPU.Build.0 = Release|Any CPU
		{23472E91-F73E-BA02-8686-E06B0C9A0512}.Debug|Any CPU.ActiveCfg = Debug|Any CPU
		{23472E91-F73E-BA02-8686-E06B0C9A0512}.Debug|Any CPU.Build.0 = Debug|Any CPU
		{23472E91-F73E-BA02-8686-E06B0C9A0512}.Release|Any CPU.ActiveCfg = Release|Any CPU
		{23472E91-F73E-BA02-8686-E06B0C9A0512}.Release|Any CPU.Build.0 = Release|Any CPU
	EndGlobalSection
	GlobalSection(SolutionProperties) = preSolution
		HideSolutionNode = FALSE
	EndGlobalSection
EndGlobal
